
Microsoft Visual Studio Solution File, Format Version 12.00
# Visual Studio Version 17
VisualStudioVersion = 17.8.34330.188
MinimumVisualStudioVersion = 10.0.40219.1
Project("{FAE04EC0-301F-11D3-BF4B-00C04F79EFBC}") = "Resturant", "Resturant\Resturant.csproj", "{91C5C24C-9C7D-4384-A61D-6CBC87AF1CB9}"
EndProject
Global
	GlobalSection(SolutionConfigurationPlatforms) = preSolution
		Debug|Any CPU = Debug|Any CPU
		Release|Any CPU = Release|Any CPU
	EndGlobalSection
	GlobalSection(ProjectConfigurationPlatforms) = postSolution
		{91C5C24C-9C7D-4384-A61D-6CBC87AF1CB9}.Debug|Any CPU.ActiveCfg = Debug|Any CPU
		{91C5C24C-9C7D-4384-A61D-6CBC87AF1CB9}.Debug|Any CPU.Build.0 = Debug|Any CPU
		{91C5C24C-9C7D-4384-A61D-6CBC87AF1CB9}.Release|Any CPU.ActiveCfg = Release|Any CPU
		{91C5C24C-9C7D-4384-A61D-6CBC87AF1CB9}.Release|Any CPU.Build.0 = Release|Any CPU
	EndGlobalSection
	GlobalSection(SolutionProperties) = preSolution
		HideSolutionNode = FALSE
	EndGlobalSection
	GlobalSection(ExtensibilityGlobals) = postSolution
		SolutionGuid = {BEB2BCB4-25A4-4B9F-9D1F-960C34123A51}
	EndGlobalSection
EndGlobal
